
Microsoft Visual Studio Solution File, Format Version 12.00
# Visual Studio Version 17
VisualStudioVersion = 17.13.35825.156 d17.13
MinimumVisualStudioVersion = 10.0.40219.1
Project("{FAE04EC0-301F-11D3-BF4B-00C04F79EFBC}") = "ConsoleApp1", "ConsoleApp1\ConsoleApp1.csproj", "{92D895B6-463D-4591-9641-D763FDA48734}"
EndProject
Project("{FAE04EC0-301F-11D3-BF4B-00C04F79EFBC}") = "Data", "Data\Data.csproj", "{967403AA-DDBB-4764-B6BB-8AD733725111}"
EndProject
Global
	GlobalSection(SolutionConfigurationPlatforms) = preSolution
		Debug|Any CPU = Debug|Any CPU
		Release|Any CPU = Release|Any CPU
	EndGlobalSection
	GlobalSection(ProjectConfigurationPlatforms) = postSolution
		{92D895B6-463D-4591-9641-D763FDA48734}.Debug|Any CPU.ActiveCfg = Debug|Any CPU
		{92D895B6-463D-4591-9641-D763FDA48734}.Debug|Any CPU.Build.0 = Debug|Any CPU
		{92D895B6-463D-4591-9641-D763FDA48734}.Release|Any CPU.ActiveCfg = Release|Any CPU
		{92D895B6-463D-4591-9641-D763FDA48734}.Release|Any CPU.Build.0 = Release|Any CPU
		{967403AA-DDBB-4764-B6BB-8AD733725111}.Debug|Any CPU.ActiveCfg = Debug|Any CPU
		{967403AA-DDBB-4764-B6BB-8AD733725111}.Debug|Any CPU.Build.0 = Debug|Any CPU
		{967403AA-DDBB-4764-B6BB-8AD733725111}.Release|Any CPU.ActiveCfg = Release|Any CPU
		{967403AA-DDBB-4764-B6BB-8AD733725111}.Release|Any CPU.Build.0 = Release|Any CPU
	EndGlobalSection
	GlobalSection(SolutionProperties) = preSolution
		HideSolutionNode = FALSE
	EndGlobalSection
	GlobalSection(ExtensibilityGlobals) = postSolution
		SolutionGuid = {C7541BCE-380C-4018-96CF-2EB23923B9BB}
	EndGlobalSection
EndGlobal
